PODS:
  - Alamofire (3.1.4)
  - SwiftyJSON (2.3.2)
  - UIColor_Hex_Swift (1.8)

DEPENDENCIES:
  - Alamofire
  - SwiftyJSON (~> 2.3)
  - UIColor_Hex_Swift (~> 1.8)

SPEC CHECKSUMS:
  Alamofire: fbc829692f351fa1d8a31dd75fd7f7f56fea31fb
  SwiftyJSON: 04ccea08915aa0109039157c7974cf0298da292a
  UIColor_Hex_Swift: a66b9d5f6e8fddbd9fe32996504f0b7e9d20d680

COCOAPODS: 0.39.0
